Microsoft Visual Studio Solution File, Format Version 11.00
# Visual Studio 2008

Project("{7B354AD2-2754-BF10-53B5-DFDCFC232E99}") = "VRClass_Language", "Assembly-CSharp-firstpass.csproj", "{200AF978-8B07-D609-0B0D-8986F7773E6E}"
EndProject
Project("{7B354AD2-2754-BF10-53B5-DFDCFC232E99}") = "VRClass_Language", "Assembly-CSharp.csproj", "{BFD83E6B-169A-CBBB-E881-991A8FA0BBE7}"
EndProject
Project("{7B354AD2-2754-BF10-53B5-DFDCFC232E99}") = "VRClass_Language", "Assembly-CSharp-Editor-firstpass.csproj", "{D785D8E9-0D9E-4777-8C8E-8E6C745DD4DF}"
EndProject
Project("{7B354AD2-2754-BF10-53B5-DFDCFC232E99}") = "VRClass_Language", "Assembly-CSharp-Editor.csproj", "{494B80AB-CA70-84D2-DAB5-BC68EA4342FD}"
EndProject
Project("{7B354AD2-2754-BF10-53B5-DFDCFC232E99}") = "VRClass_Language", "Assembly-UnityScript-Editor-firstpass.unityproj", "{F86D8CB2-5351-1943-B890-8C0621A2FE68}"
EndProject
Global
	GlobalSection(SolutionConfigurationPlatforms) = preSolution
		Debug|Any CPU = Debug|Any CPU
		Release|Any CPU = Release|Any CPU
	EndGlobalSection
	GlobalSection(ProjectConfigurationPlatforms) = postSolution
		{200AF978-8B07-D609-0B0D-8986F7773E6E}.Debug|Any CPU.ActiveCfg = Debug|Any CPU
		{200AF978-8B07-D609-0B0D-8986F7773E6E}.Debug|Any CPU.Build.0 = Debug|Any CPU
		{200AF978-8B07-D609-0B0D-8986F7773E6E}.Release|Any CPU.ActiveCfg = Release|Any CPU
		{200AF978-8B07-D609-0B0D-8986F7773E6E}.Release|Any CPU.Build.0 = Release|Any CPU
		{BFD83E6B-169A-CBBB-E881-991A8FA0BBE7}.Debug|Any CPU.ActiveCfg = Debug|Any CPU
		{BFD83E6B-169A-CBBB-E881-991A8FA0BBE7}.Debug|Any CPU.Build.0 = Debug|Any CPU
		{BFD83E6B-169A-CBBB-E881-991A8FA0BBE7}.Release|Any CPU.ActiveCfg = Release|Any CPU
		{BFD83E6B-169A-CBBB-E881-991A8FA0BBE7}.Release|Any CPU.Build.0 = Release|Any CPU
		{D785D8E9-0D9E-4777-8C8E-8E6C745DD4DF}.Debug|Any CPU.ActiveCfg = Debug|Any CPU
		{D785D8E9-0D9E-4777-8C8E-8E6C745DD4DF}.Debug|Any CPU.Build.0 = Debug|Any CPU
		{D785D8E9-0D9E-4777-8C8E-8E6C745DD4DF}.Release|Any CPU.ActiveCfg = Release|Any CPU
		{D785D8E9-0D9E-4777-8C8E-8E6C745DD4DF}.Release|Any CPU.Build.0 = Release|Any CPU
		{494B80AB-CA70-84D2-DAB5-BC68EA4342FD}.Debug|Any CPU.ActiveCfg = Debug|Any CPU
		{494B80AB-CA70-84D2-DAB5-BC68EA4342FD}.Debug|Any CPU.Build.0 = Debug|Any CPU
		{494B80AB-CA70-84D2-DAB5-BC68EA4342FD}.Release|Any CPU.ActiveCfg = Release|Any CPU
		{494B80AB-CA70-84D2-DAB5-BC68EA4342FD}.Release|Any CPU.Build.0 = Release|Any CPU
		{F86D8CB2-5351-1943-B890-8C0621A2FE68}.Debug|Any CPU.ActiveCfg = Debug|Any CPU
		{F86D8CB2-5351-1943-B890-8C0621A2FE68}.Debug|Any CPU.Build.0 = Debug|Any CPU
		{F86D8CB2-5351-1943-B890-8C0621A2FE68}.Release|Any CPU.ActiveCfg = Release|Any CPU
		{F86D8CB2-5351-1943-B890-8C0621A2FE68}.Release|Any CPU.Build.0 = Release|Any CPU
	EndGlobalSection
	GlobalSection(SolutionProperties) = preSolution
		HideSolutionNode = FALSE
	EndGlobalSection
	GlobalSection(MonoDevelopProperties) = preSolution
		StartupItem = Assembly-CSharp.csproj
	EndGlobalSection
EndGlobal
