Microsoft Visual Studio Solution File, Format Version 11.00
# Visual Studio 2008

Project("{5AE515A3-0CDB-29BA-335E-2C3435F12735}") = "VRProjectLanguage", "Assembly-CSharp.csproj", "{4C7818F3-549C-C6D2-8009-0016102374D6}"
EndProject
Project("{5AE515A3-0CDB-29BA-335E-2C3435F12735}") = "VRProjectLanguage", "Assembly-CSharp-Editor.csproj", "{ADAD9474-1408-1D35-37FC-2C0DF1C53E7B}"
EndProject
Global
	GlobalSection(SolutionConfigurationPlatforms) = preSolution
		Debug|Any CPU = Debug|Any CPU
		Release|Any CPU = Release|Any CPU
	EndGlobalSection
	GlobalSection(ProjectConfigurationPlatforms) = postSolution
		{4C7818F3-549C-C6D2-8009-0016102374D6}.Debug|Any CPU.ActiveCfg = Debug|Any CPU
		{4C7818F3-549C-C6D2-8009-0016102374D6}.Debug|Any CPU.Build.0 = Debug|Any CPU
		{4C7818F3-549C-C6D2-8009-0016102374D6}.Release|Any CPU.ActiveCfg = Release|Any CPU
		{4C7818F3-549C-C6D2-8009-0016102374D6}.Release|Any CPU.Build.0 = Release|Any CPU
		{ADAD9474-1408-1D35-37FC-2C0DF1C53E7B}.Debug|Any CPU.ActiveCfg = Debug|Any CPU
		{ADAD9474-1408-1D35-37FC-2C0DF1C53E7B}.Debug|Any CPU.Build.0 = Debug|Any CPU
		{ADAD9474-1408-1D35-37FC-2C0DF1C53E7B}.Release|Any CPU.ActiveCfg = Release|Any CPU
		{ADAD9474-1408-1D35-37FC-2C0DF1C53E7B}.Release|Any CPU.Build.0 = Release|Any CPU
	EndGlobalSection
	GlobalSection(SolutionProperties) = preSolution
		HideSolutionNode = FALSE
	EndGlobalSection
	GlobalSection(MonoDevelopProperties) = preSolution
		StartupItem = Assembly-CSharp.csproj
	EndGlobalSection
EndGlobal
